
Microsoft Visual Studio Solution File, Format Version 12.00
# Visual Studio Version 17
VisualStudioVersion = 17.0.31903.59
MinimumVisualStudioVersion = 10.0.40219.1
Project("{2150E333-8FDC-42A3-9474-1A3956D46DE8}") = "Mediator", "Mediator", "{4294C5CC-EA4A-4192-A01A-3504C005552B}"
EndProject
Project("{FAE04EC0-301F-11D3-BF4B-00C04F79EFBC}") = "Mediator", "Mediator\Mediator\Mediator.csproj", "{13FA41CE-3D91-4043-8E68-8C94731E0F79}"
EndProject
Global
	GlobalSection(SolutionConfigurationPlatforms) = preSolution
		Debug|Any CPU = Debug|Any CPU
		Release|Any CPU = Release|Any CPU
	EndGlobalSection
	GlobalSection(SolutionProperties) = preSolution
		HideSolutionNode = FALSE
	EndGlobalSection
	GlobalSection(ProjectConfigurationPlatforms) = postSolution
		{13FA41CE-3D91-4043-8E68-8C94731E0F79}.Debug|Any CPU.ActiveCfg = Debug|Any CPU
		{13FA41CE-3D91-4043-8E68-8C94731E0F79}.Debug|Any CPU.Build.0 = Debug|Any CPU
		{13FA41CE-3D91-4043-8E68-8C94731E0F79}.Release|Any CPU.ActiveCfg = Release|Any CPU
		{13FA41CE-3D91-4043-8E68-8C94731E0F79}.Release|Any CPU.Build.0 = Release|Any CPU
	EndGlobalSection
	GlobalSection(NestedProjects) = preSolution
		{13FA41CE-3D91-4043-8E68-8C94731E0F79} = {4294C5CC-EA4A-4192-A01A-3504C005552B}
	EndGlobalSection
EndGlobal
