
Microsoft Visual Studio Solution File, Format Version 12.00
# Visual Studio Version 17
VisualStudioVersion = 17.0.31903.59
MinimumVisualStudioVersion = 10.0.40219.1
Project("{FAE04EC0-301F-11D3-BF4B-00C04F79EFBC}") = "Factory", "Factory\Factory.csproj", "{51FF12A5-5054-4679-A0F6-EF4EC4AC9B48}"
EndProject
Project("{FAE04EC0-301F-11D3-BF4B-00C04F79EFBC}") = "Mediator", "Mediator\Mediator.csproj", "{7CFC3C7A-4A95-4058-A8B7-10E7501291EC}"
EndProject
Global
	GlobalSection(SolutionConfigurationPlatforms) = preSolution
		Debug|Any CPU = Debug|Any CPU
		Release|Any CPU = Release|Any CPU
	EndGlobalSection
	GlobalSection(SolutionProperties) = preSolution
		HideSolutionNode = FALSE
	EndGlobalSection
	GlobalSection(ProjectConfigurationPlatforms) = postSolution
		{51FF12A5-5054-4679-A0F6-EF4EC4AC9B48}.Debug|Any CPU.ActiveCfg = Debug|Any CPU
		{51FF12A5-5054-4679-A0F6-EF4EC4AC9B48}.Debug|Any CPU.Build.0 = Debug|Any CPU
		{51FF12A5-5054-4679-A0F6-EF4EC4AC9B48}.Release|Any CPU.ActiveCfg = Release|Any CPU
		{51FF12A5-5054-4679-A0F6-EF4EC4AC9B48}.Release|Any CPU.Build.0 = Release|Any CPU
		{7CFC3C7A-4A95-4058-A8B7-10E7501291EC}.Debug|Any CPU.ActiveCfg = Debug|Any CPU
		{7CFC3C7A-4A95-4058-A8B7-10E7501291EC}.Debug|Any CPU.Build.0 = Debug|Any CPU
		{7CFC3C7A-4A95-4058-A8B7-10E7501291EC}.Release|Any CPU.ActiveCfg = Release|Any CPU
		{7CFC3C7A-4A95-4058-A8B7-10E7501291EC}.Release|Any CPU.Build.0 = Release|Any CPU
	EndGlobalSection
EndGlobal
